
Microsoft Visual Studio Solution File, Format Version 12.00
# Visual Studio 15
VisualStudioVersion = 15.0.27130.0
MinimumVisualStudioVersion = 10.0.40219.1
Project("{8BC9CEB8-8B4A-11D0-8D11-00A0C91BC942}") = "Network", "Network\Network.vcxproj", "{CCBDFC7E-9A3A-41F4-BA8D-EE897B83963B}"
	ProjectSection(ProjectDependencies) = postProject
		{24C6CA4D-9534-414F-A590-1B47D4343F3E} = {24C6CA4D-9534-414F-A590-1B47D4343F3E}
	EndProjectSection
EndProject
Project("{8BC9CEB8-8B4A-11D0-8D11-00A0C91BC942}") = "Share", "Share\Share.vcxproj", "{24C6CA4D-9534-414F-A590-1B47D4343F3E}"
EndProject
Project("{8BC9CEB8-8B4A-11D0-8D11-00A0C91BC942}") = "Framework", "Framework\Framework.vcxproj", "{B4AFB806-0AF7-484D-A7FF-0F17F2A8B6C6}"
	ProjectSection(ProjectDependencies) = postProject
		{24C6CA4D-9534-414F-A590-1B47D4343F3E} = {24C6CA4D-9534-414F-A590-1B47D4343F3E}
		{CCBDFC7E-9A3A-41F4-BA8D-EE897B83963B} = {CCBDFC7E-9A3A-41F4-BA8D-EE897B83963B}
	EndProjectSection
EndProject
Project("{8BC9CEB8-8B4A-11D0-8D11-00A0C91BC942}") = "Client", "Client\Client.vcxproj", "{954773D2-1EF5-4A14-B4C1-FB6B10F3747A}"
EndProject
Project("{8BC9CEB8-8B4A-11D0-8D11-00A0C91BC942}") = "Server", "Server\Server.vcxproj", "{609EA4D4-CD24-400D-8010-F9D0428C077E}"
EndProject
Global
	GlobalSection(SolutionConfigurationPlatforms) = preSolution
		Debug|x64 = Debug|x64
		Debug|x86 = Debug|x86
		Release|x64 = Release|x64
		Release|x86 = Release|x86
	EndGlobalSection
	GlobalSection(ProjectConfigurationPlatforms) = postSolution
		{CCBDFC7E-9A3A-41F4-BA8D-EE897B83963B}.Debug|x64.ActiveCfg = Debug|x64
		{CCBDFC7E-9A3A-41F4-BA8D-EE897B83963B}.Debug|x64.Build.0 = Debug|x64
		{CCBDFC7E-9A3A-41F4-BA8D-EE897B83963B}.Debug|x86.ActiveCfg = Debug|x64
		{CCBDFC7E-9A3A-41F4-BA8D-EE897B83963B}.Debug|x86.Build.0 = Debug|x64
		{CCBDFC7E-9A3A-41F4-BA8D-EE897B83963B}.Release|x64.ActiveCfg = Release|x64
		{CCBDFC7E-9A3A-41F4-BA8D-EE897B83963B}.Release|x64.Build.0 = Release|x64
		{CCBDFC7E-9A3A-41F4-BA8D-EE897B83963B}.Release|x86.ActiveCfg = Debug|x64
		{CCBDFC7E-9A3A-41F4-BA8D-EE897B83963B}.Release|x86.Build.0 = Debug|x64
		{24C6CA4D-9534-414F-A590-1B47D4343F3E}.Debug|x64.ActiveCfg = Debug|x64
		{24C6CA4D-9534-414F-A590-1B47D4343F3E}.Debug|x64.Build.0 = Debug|x64
		{24C6CA4D-9534-414F-A590-1B47D4343F3E}.Debug|x86.ActiveCfg = Debug|x64
		{24C6CA4D-9534-414F-A590-1B47D4343F3E}.Debug|x86.Build.0 = Debug|x64
		{24C6CA4D-9534-414F-A590-1B47D4343F3E}.Release|x64.ActiveCfg = Release|x64
		{24C6CA4D-9534-414F-A590-1B47D4343F3E}.Release|x64.Build.0 = Release|x64
		{24C6CA4D-9534-414F-A590-1B47D4343F3E}.Release|x86.ActiveCfg = Debug|x64
		{24C6CA4D-9534-414F-A590-1B47D4343F3E}.Release|x86.Build.0 = Debug|x64
		{B4AFB806-0AF7-484D-A7FF-0F17F2A8B6C6}.Debug|x64.ActiveCfg = Debug|x64
		{B4AFB806-0AF7-484D-A7FF-0F17F2A8B6C6}.Debug|x64.Build.0 = Debug|x64
		{B4AFB806-0AF7-484D-A7FF-0F17F2A8B6C6}.Debug|x86.ActiveCfg = Debug|x64
		{B4AFB806-0AF7-484D-A7FF-0F17F2A8B6C6}.Debug|x86.Build.0 = Debug|x64
		{B4AFB806-0AF7-484D-A7FF-0F17F2A8B6C6}.Release|x64.ActiveCfg = Release|x64
		{B4AFB806-0AF7-484D-A7FF-0F17F2A8B6C6}.Release|x64.Build.0 = Release|x64
		{B4AFB806-0AF7-484D-A7FF-0F17F2A8B6C6}.Release|x86.ActiveCfg = Debug|x64
		{B4AFB806-0AF7-484D-A7FF-0F17F2A8B6C6}.Release|x86.Build.0 = Debug|x64
		{954773D2-1EF5-4A14-B4C1-FB6B10F3747A}.Debug|x64.ActiveCfg = Debug|x64
		{954773D2-1EF5-4A14-B4C1-FB6B10F3747A}.Debug|x64.Build.0 = Debug|x64
		{954773D2-1EF5-4A14-B4C1-FB6B10F3747A}.Debug|x86.ActiveCfg = Debug|Win32
		{954773D2-1EF5-4A14-B4C1-FB6B10F3747A}.Debug|x86.Build.0 = Debug|Win32
		{954773D2-1EF5-4A14-B4C1-FB6B10F3747A}.Release|x64.ActiveCfg = Release|x64
		{954773D2-1EF5-4A14-B4C1-FB6B10F3747A}.Release|x64.Build.0 = Release|x64
		{954773D2-1EF5-4A14-B4C1-FB6B10F3747A}.Release|x86.ActiveCfg = Release|Win32
		{954773D2-1EF5-4A14-B4C1-FB6B10F3747A}.Release|x86.Build.0 = Release|Win32
		{609EA4D4-CD24-400D-8010-F9D0428C077E}.Debug|x64.ActiveCfg = Debug|x64
		{609EA4D4-CD24-400D-8010-F9D0428C077E}.Debug|x64.Build.0 = Debug|x64
		{609EA4D4-CD24-400D-8010-F9D0428C077E}.Debug|x86.ActiveCfg = Debug|Win32
		{609EA4D4-CD24-400D-8010-F9D0428C077E}.Debug|x86.Build.0 = Debug|Win32
		{609EA4D4-CD24-400D-8010-F9D0428C077E}.Release|x64.ActiveCfg = Release|x64
		{609EA4D4-CD24-400D-8010-F9D0428C077E}.Release|x64.Build.0 = Release|x64
		{609EA4D4-CD24-400D-8010-F9D0428C077E}.Release|x86.ActiveCfg = Release|Win32
		{609EA4D4-CD24-400D-8010-F9D0428C077E}.Release|x86.Build.0 = Release|Win32
	EndGlobalSection
	GlobalSection(SolutionProperties) = preSolution
		HideSolutionNode = FALSE
	EndGlobalSection
	GlobalSection(ExtensibilityGlobals) = postSolution
		SolutionGuid = {6FF04B56-9CDF-482D-9511-ABA2950D8BAC}
	EndGlobalSection
EndGlobal
